// !$*UTF8*$!
{
	archiveVersion = 1;
	classes = {
	};
	objectVersion = 77;
	objects = {

/* Begin PBXContainerItemProxy section */
		D5457FC72F618D720040DFAF /* PBXContainerItemProxy */ = {
			isa = PBXContainerItemProxy;
			containerPortal = D5457FAC2F618D700040DFAF /* Project object */;
			proxyType = 1;
			remoteGlobalIDString = D5457FB32F618D700040DFAF;
			remoteInfo = Recipe;
		};
		D5457FD12F618D720040DFAF /* PBXContainerItemProxy */ = {
			isa = PBXContainerItemProxy;
			containerPortal = D5457FAC2F618D700040DFAF /* Project object */;
			proxyType = 1;
			remoteGlobalIDString = D5457FB32F618D700040DFAF;
			remoteInfo = Recipe;
		};
/* End PBXContainerItemProxy section */

/* Begin PBXFileReference section */
		A1B2C3D4E5F60123456789A1 /* Recipe/RecipeApp.swift */ = {isa = PBXFileReference; lastKnownFileType = sourcecode.swift; path = Recipe/RecipeApp.swift; sourceTree = SOURCE_ROOT; };
		A1B2C3D4E5F60123456789A3 /* Recipe/ContentView.swift */ = {isa = PBXFileReference; lastKnownFileType = sourcecode.swift; path = Recipe/ContentView.swift; sourceTree = SOURCE_ROOT; };
		A1B2C3D4E5F60123456789A5 /* Recipe/Persistence.swift */ = {isa = PBXFileReference; lastKnownFileType = sourcecode.swift; path = Recipe/Persistence.swift; sourceTree = SOURCE_ROOT; };
		A1B2C3D4E5F60123456789A7 /* Recipe/StyleSystem.swift */ = {isa = PBXFileReference; lastKnownFileType = sourcecode.swift; path = Recipe/StyleSystem.swift; sourceTree = SOURCE_ROOT; };
		A1B2C3D4E5F60123456789A9 /* Recipe/SplashAndMainViews.swift */ = {isa = PBXFileReference; lastKnownFileType = sourcecode.swift; path = Recipe/SplashAndMainViews.swift; sourceTree = SOURCE_ROOT; };
		A1B2C3D4E5F60123456789AB /* Recipe/DomainModels.swift */ = {isa = PBXFileReference; lastKnownFileType = sourcecode.swift; path = Recipe/DomainModels.swift; sourceTree = SOURCE_ROOT; };
		A1B2C3D4E5F60123456789AD /* Recipe/CoreDataSupport.swift */ = {isa = PBXFileReference; lastKnownFileType = sourcecode.swift; path = Recipe/CoreDataSupport.swift; sourceTree = SOURCE_ROOT; };
		A1B2C3D4E5F60123456789AF /* Recipe/RecipesBaseView.swift */ = {isa = PBXFileReference; lastKnownFileType = sourcecode.swift; path = Recipe/RecipesBaseView.swift; sourceTree = SOURCE_ROOT; };
		A1B2C3D4E5F60123456789B1 /* Recipe/AddOrEditRecipeSheet.swift */ = {isa = PBXFileReference; lastKnownFileType = sourcecode.swift; path = Recipe/AddOrEditRecipeSheet.swift; sourceTree = SOURCE_ROOT; };
		A1B2C3D4E5F60123456789B3 /* Recipe/RecipeDetailView.swift */ = {isa = PBXFileReference; lastKnownFileType = sourcecode.swift; path = Recipe/RecipeDetailView.swift; sourceTree = SOURCE_ROOT; };
		A1B2C3D4E5F60123456789B5 /* Recipe/MealPlanPickerSheet.swift */ = {isa = PBXFileReference; lastKnownFileType = sourcecode.swift; path = Recipe/MealPlanPickerSheet.swift; sourceTree = SOURCE_ROOT; };
		A1B2C3D4E5F60123456789B7 /* Recipe/MenuPlannerViews.swift */ = {isa = PBXFileReference; lastKnownFileType = sourcecode.swift; path = Recipe/MenuPlannerViews.swift; sourceTree = SOURCE_ROOT; };
		A1B2C3D4E5F60123456789B9 /* Recipe/CookingTimerViews.swift */ = {isa = PBXFileReference; lastKnownFileType = sourcecode.swift; path = Recipe/CookingTimerViews.swift; sourceTree = SOURCE_ROOT; };
		A1B2C3D4E5F60123456789BB /* Recipe/Assets.xcassets */ = {isa = PBXFileReference; lastKnownFileType = folder.assetcatalog; path = Recipe/Assets.xcassets; sourceTree = SOURCE_ROOT; };
		D5457FB42F618D700040DFAF /* Recipe.app */ = {isa = PBXFileReference; explicitFileType = wrapper.application; includeInIndex = 0; path = Recipe.app; sourceTree = BUILT_PRODUCTS_DIR; };
		D5457FC62F618D720040DFAF /* RecipeTests.xctest */ = {isa = PBXFileReference; explicitFileType = wrapper.cfbundle; includeInIndex = 0; path = RecipeTests.xctest; sourceTree = BUILT_PRODUCTS_DIR; };
		D5457FD02F618D720040DFAF /* RecipeUITests.xctest */ = {isa = PBXFileReference; explicitFileType = wrapper.cfbundle; includeInIndex = 0; path = RecipeUITests.xctest; sourceTree = BUILT_PRODUCTS_DIR; };
/* End PBXFileReference section */

/* Begin PBXFileSystemSynchronizedBuildFileExceptionSet section */
		D5EFF52D2F63167200687CC4 /* Exceptions for "Recipe" folder in "Recipe" target */ = {
			isa = PBXFileSystemSynchronizedBuildFileExceptionSet;
			membershipExceptions = (
				Info.plist,
			);
			target = D5457FB32F618D700040DFAF /* Recipe */;
		};
/* End PBXFileSystemSynchronizedBuildFileExceptionSet section */

/* Begin PBXFileSystemSynchronizedRootGroup section */
		D5457FB62F618D700040DFAF /* Recipe */ = {
			isa = PBXFileSystemSynchronizedRootGroup;
			exceptions = (
				D5EFF52D2F63167200687CC4 /* Exceptions for "Recipe" folder in "Recipe" target */,
			);
			path = Recipe;
			sourceTree = "<group>";
		};
		D5457FC92F618D720040DFAF /* RecipeTests */ = {
			isa = PBXFileSystemSynchronizedRootGroup;
			path = RecipeTests;
			sourceTree = "<group>";
		};
		D5457FD32F618D720040DFAF /* RecipeUITests */ = {
			isa = PBXFileSystemSynchronizedRootGroup;
			path = RecipeUITests;
			sourceTree = "<group>";
		};
/* End PBXFileSystemSynchronizedRootGroup section */

/* Begin PBXFrameworksBuildPhase section */
		D5457FB12F618D700040DFAF /* Frameworks */ = {
			isa = PBXFrameworksBuildPhase;
			buildActionMask = 2147483647;
			files = (
			);
			runOnlyForDeploymentPostprocessing = 0;
		};
		D5457FC32F618D720040DFAF /* Frameworks */ = {
			isa = PBXFrameworksBuildPhase;
			buildActionMask = 2147483647;
			files = (
			);
			runOnlyForDeploymentPostprocessing = 0;
		};
		D5457FCD2F618D720040DFAF /* Frameworks */ = {
			isa = PBXFrameworksBuildPhase;
			buildActionMask = 2147483647;
			files = (
			);
			runOnlyForDeploymentPostprocessing = 0;
		};
/* End PBXFrameworksBuildPhase section */

/* Begin PBXGroup section */
		D5457FAB2F618D700040DFAF = {
			isa = PBXGroup;
			children = (
				D5457FB62F618D700040DFAF /* Recipe */,
				D5457FC92F618D720040DFAF /* RecipeTests */,
				D5457FD32F618D720040DFAF /* RecipeUITests */,
				D5457FB52F618D700040DFAF /* Products */,
				D5EFF48D2F62C7C700687CC4 /* Recovered References */,
			);
			sourceTree = "<group>";
		};
		D5457FB52F618D700040DFAF /* Products */ = {
			isa = PBXGroup;
			children = (
				D5457FB42F618D700040DFAF /* Recipe.app */,
				D5457FC62F618D720040DFAF /* RecipeTests.xctest */,
				D5457FD02F618D720040DFAF /* RecipeUITests.xctest */,
			);
			name = Products;
			sourceTree = "<group>";
		};
		D5EFF48D2F62C7C700687CC4 /* Recovered References */ = {
			isa = PBXGroup;
			children = (
				A1B2C3D4E5F60123456789A1 /* Recipe/RecipeApp.swift */,
				A1B2C3D4E5F60123456789A3 /* Recipe/ContentView.swift */,
				A1B2C3D4E5F60123456789A5 /* Recipe/Persistence.swift */,
				A1B2C3D4E5F60123456789A7 /* Recipe/StyleSystem.swift */,
				A1B2C3D4E5F60123456789A9 /* Recipe/SplashAndMainViews.swift */,
				A1B2C3D4E5F60123456789AB /* Recipe/DomainModels.swift */,
				A1B2C3D4E5F60123456789AD /* Recipe/CoreDataSupport.swift */,
				A1B2C3D4E5F60123456789AF /* Recipe/RecipesBaseView.swift */,
				A1B2C3D4E5F60123456789B1 /* Recipe/AddOrEditRecipeSheet.swift */,
				A1B2C3D4E5F60123456789B3 /* Recipe/RecipeDetailView.swift */,
				A1B2C3D4E5F60123456789B5 /* Recipe/MealPlanPickerSheet.swift */,
				A1B2C3D4E5F60123456789B7 /* Recipe/MenuPlannerViews.swift */,
				A1B2C3D4E5F60123456789B9 /* Recipe/CookingTimerViews.swift */,
				A1B2C3D4E5F60123456789BB /* Recipe/Assets.xcassets */,
			);
			name = "Recovered References";
			sourceTree = "<group>";
		};
/* End PBXGroup section */

/* Begin PBXNativeTarget section */
		D5457FB32F618D700040DFAF /* Recipe */ = {
			isa = PBXNativeTarget;
			buildConfigurationList = D5457FDA2F618D720040DFAF /* Build configuration list for PBXNativeTarget "Recipe" */;
			buildPhases = (
				D5457FB02F618D700040DFAF /* Sources */,
				D5457FB12F618D700040DFAF /* Frameworks */,
				D5457FB22F618D700040DFAF /* Resources */,
			);
			buildRules = (
			);
			dependencies = (
			);
			fileSystemSynchronizedGroups = (
				D5457FB62F618D700040DFAF /* Recipe */,
			);
			name = Recipe;
			packageProductDependencies = (
			);
			productName = Recipe;
			productReference = D5457FB42F618D700040DFAF /* Recipe.app */;
			productType = "com.apple.product-type.application";
		};
		D5457FC52F618D720040DFAF /* RecipeTests */ = {
			isa = PBXNativeTarget;
			buildConfigurationList = D5457FDD2F618D720040DFAF /* Build configuration list for PBXNativeTarget "RecipeTests" */;
			buildPhases = (
				D5457FC22F618D720040DFAF /* Sources */,
				D5457FC32F618D720040DFAF /* Frameworks */,
				D5457FC42F618D720040DFAF /* Resources */,
			);
			buildRules = (
			);
			dependencies = (
				D5457FC82F618D720040DFAF /* PBXTargetDependency */,
			);
			fileSystemSynchronizedGroups = (
				D5457FC92F618D720040DFAF /* RecipeTests */,
			);
			name = RecipeTests;
			packageProductDependencies = (
			);
			productName = RecipeTests;
			productReference = D5457FC62F618D720040DFAF /* RecipeTests.xctest */;
			productType = "com.apple.product-type.bundle.unit-test";
		};
		D5457FCF2F618D720040DFAF /* RecipeUITests */ = {
			isa = PBXNativeTarget;
			buildConfigurationList = D5457FE02F618D720040DFAF /* Build configuration list for PBXNativeTarget "RecipeUITests" */;
			buildPhases = (
				D5457FCC2F618D720040DFAF /* Sources */,
				D5457FCD2F618D720040DFAF /* Frameworks */,
				D5457FCE2F618D720040DFAF /* Resources */,
			);
			buildRules = (
			);
			dependencies = (
				D5457FD22F618D720040DFAF /* PBXTargetDependency */,
			);
			fileSystemSynchronizedGroups = (
				D5457FD32F618D720040DFAF /* RecipeUITests */,
			);
			name = RecipeUITests;
			packageProductDependencies = (
			);
			productName = RecipeUITests;
			productReference = D5457FD02F618D720040DFAF /* RecipeUITests.xctest */;
			productType = "com.apple.product-type.bundle.ui-testing";
		};
/* End PBXNativeTarget section */

/* Begin PBXProject section */
		D5457FAC2F618D700040DFAF /* Project object */ = {
			isa = PBXProject;
			attributes = {
				BuildIndependentTargetsInParallel = 1;
				LastSwiftUpdateCheck = 2620;
				LastUpgradeCheck = 2620;
				TargetAttributes = {
					D5457FB32F618D700040DFAF = {
						CreatedOnToolsVersion = 26.2;
					};
					D5457FC52F618D720040DFAF = {
						CreatedOnToolsVersion = 26.2;
						TestTargetID = D5457FB32F618D700040DFAF;
					};
					D5457FCF2F618D720040DFAF = {
						CreatedOnToolsVersion = 26.2;
						TestTargetID = D5457FB32F618D700040DFAF;
					};
				};
			};
			buildConfigurationList = D5457FAF2F618D700040DFAF /* Build configuration list for PBXProject "Recipe" */;
			developmentRegion = en;
			hasScannedForEncodings = 0;
			knownRegions = (
				en,
				Base,
			);
			mainGroup = D5457FAB2F618D700040DFAF;
			minimizedProjectReferenceProxies = 1;
			preferredProjectObjectVersion = 77;
			productRefGroup = D5457FB52F618D700040DFAF /* Products */;
			projectDirPath = "";
			projectRoot = "";
			targets = (
				D5457FB32F618D700040DFAF /* Recipe */,
				D5457FC52F618D720040DFAF /* RecipeTests */,
				D5457FCF2F618D720040DFAF /* RecipeUITests */,
			);
		};
/* End PBXProject section */

/* Begin PBXResourcesBuildPhase section */
		D5457FB22F618D700040DFAF /* Resources */ = {
			isa = PBXResourcesBuildPhase;
			buildActionMask = 2147483647;
			files = (
			);
			runOnlyForDeploymentPostprocessing = 0;
		};
		D5457FC42F618D720040DFAF /* Resources */ = {
			isa = PBXResourcesBuildPhase;
			buildActionMask = 2147483647;
			files = (
			);
			runOnlyForDeploymentPostprocessing = 0;
		};
		D5457FCE2F618D720040DFAF /* Resources */ = {
			isa = PBXResourcesBuildPhase;
			buildActionMask = 2147483647;
			files = (
			);
			runOnlyForDeploymentPostprocessing = 0;
		};
/* End PBXResourcesBuildPhase section */

/* Begin PBXSourcesBuildPhase section */
		D5457FB02F618D700040DFAF /* Sources */ = {
			isa = PBXSourcesBuildPhase;
			buildActionMask = 2147483647;
			files = (
			);
			runOnlyForDeploymentPostprocessing = 0;
		};
		D5457FC22F618D720040DFAF /* Sources */ = {
			isa = PBXSourcesBuildPhase;
			buildActionMask = 2147483647;
			files = (
			);
			runOnlyForDeploymentPostprocessing = 0;
		};
		D5457FCC2F618D720040DFAF /* Sources */ = {
			isa = PBXSourcesBuildPhase;
			buildActionMask = 2147483647;
			files = (
			);
			runOnlyForDeploymentPostprocessing = 0;
		};
/* End PBXSourcesBuildPhase section */

/* Begin PBXTargetDependency section */
		D5457FC82F618D720040DFAF /* PBXTargetDependency */ = {
			isa = PBXTargetDependency;
			target = D5457FB32F618D700040DFAF /* Recipe */;
			targetProxy = D5457FC72F618D720040DFAF /* PBXContainerItemProxy */;
		};
		D5457FD22F618D720040DFAF /* PBXTargetDependency */ = {
			isa = PBXTargetDependency;
			target = D5457FB32F618D700040DFAF /* Recipe */;
			targetProxy = D5457FD12F618D720040DFAF /* PBXContainerItemProxy */;
		};
/* End PBXTargetDependency section */

/* Begin XCBuildConfiguration section */
		D5457FD82F618D720040DFAF /* Debug */ = {
			isa = XCBuildConfiguration;
			buildSettings = {
				ALWAYS_SEARCH_USER_PATHS = NO;
				ASSETCATALOG_COMPILER_GENERATE_SWIFT_ASSET_SYMBOL_EXTENSIONS = YES;
				CLANG_ANALYZER_NONNULL = YES;
				CLANG_ANALYZER_NUMBER_OBJECT_CONVERSION = YES_AGGRESSIVE;
				CLANG_CXX_LANGUAGE_STANDARD = "gnu++20";
				CLANG_ENABLE_MODULES = YES;
				CLANG_ENABLE_OBJC_ARC = YES;
				CLANG_ENABLE_OBJC_WEAK = YES;
				CLANG_WARN_BLOCK_CAPTURE_AUTORELEASING = YES;
				CLANG_WARN_BOOL_CONVERSION = YES;
				CLANG_WARN_COMMA = YES;
				CLANG_WARN_CONSTANT_CONVERSION = YES;
				CLANG_WARN_DEPRECATED_OBJC_IMPLEMENTATIONS = YES;
				CLANG_WARN_DIRECT_OBJC_ISA_USAGE = YES_ERROR;
				CLANG_WARN_DOCUMENTATION_COMMENTS = YES;
				CLANG_WARN_EMPTY_BODY = YES;
				CLANG_WARN_ENUM_CONVERSION = YES;
				CLANG_WARN_INFINITE_RECURSION = YES;
				CLANG_WARN_INT_CONVERSION = YES;
				CLANG_WARN_NON_LITERAL_NULL_CONVERSION = YES;
				CLANG_WARN_OBJC_IMPLICIT_RETAIN_SELF = YES;
				CLANG_WARN_OBJC_LITERAL_CONVERSION = YES;
				CLANG_WARN_OBJC_ROOT_CLASS = YES_ERROR;
				CLANG_WARN_QUOTED_INCLUDE_IN_FRAMEWORK_HEADER = YES;
				CLANG_WARN_RANGE_LOOP_ANALYSIS = YES;
				CLANG_WARN_STRICT_PROTOTYPES = YES;
				CLANG_WARN_SUSPICIOUS_MOVE = YES;
				CLANG_WARN_UNGUARDED_AVAILABILITY = YES_AGGRESSIVE;
				CLANG_WARN_UNREACHABLE_CODE = YES;
				CLANG_WARN__DUPLICATE_METHOD_MATCH = YES;
				COPY_PHASE_STRIP = NO;
				DEBUG_INFORMATION_FORMAT = dwarf;
				DEVELOPMENT_TEAM = 4499H7YNDL;
				ENABLE_STRICT_OBJC_MSGSEND = YES;
				ENABLE_TESTABILITY = YES;
				ENABLE_USER_SCRIPT_SANDBOXING = YES;
				GCC_C_LANGUAGE_STANDARD = gnu17;
				GCC_DYNAMIC_NO_PIC = NO;
				GCC_NO_COMMON_BLOCKS = YES;
				GCC_OPTIMIZATION_LEVEL = 0;
				GCC_PREPROCESSOR_DEFINITIONS = (
					"DEBUG=1",
					"$(inherited)",
				);
				GCC_WARN_64_TO_32_BIT_CONVERSION = YES;
				GCC_WARN_ABOUT_RETURN_TYPE = YES_ERROR;
				GCC_WARN_UNDECLARED_SELECTOR = YES;
				GCC_WARN_UNINITIALIZED_AUTOS = YES_AGGRESSIVE;
				GCC_WARN_UNUSED_FUNCTION = YES;
				GCC_WARN_UNUSED_VARIABLE = YES;
				IPHONEOS_DEPLOYMENT_TARGET = 26.2;
				LOCALIZATION_PREFERS_STRING_CATALOGS = YES;
				MTL_ENABLE_DEBUG_INFO = INCLUDE_SOURCE;
				MTL_FAST_MATH = YES;
				ONLY_ACTIVE_ARCH = YES;
				SDKROOT = iphoneos;
				SWIFT_ACTIVE_COMPILATION_CONDITIONS = "DEBUG $(inherited)";
				SWIFT_OPTIMIZATION_LEVEL = "-Onone";
			};
			name = Debug;
		};
		D5457FD92F618D720040DFAF /* Release */ = {
			isa = XCBuildConfiguration;
			buildSettings = {
				ALWAYS_SEARCH_USER_PATHS = NO;
				ASSETCATALOG_COMPILER_GENERATE_SWIFT_ASSET_SYMBOL_EXTENSIONS = YES;
				CLANG_ANALYZER_NONNULL = YES;
				CLANG_ANALYZER_NUMBER_OBJECT_CONVERSION = YES_AGGRESSIVE;
				CLANG_CXX_LANGUAGE_STANDARD = "gnu++20";
				CLANG_ENABLE_MODULES = YES;
				CLANG_ENABLE_OBJC_ARC = YES;
				CLANG_ENABLE_OBJC_WEAK = YES;
				CLANG_WARN_BLOCK_CAPTURE_AUTORELEASING = YES;
				CLANG_WARN_BOOL_CONVERSION = YES;
				CLANG_WARN_COMMA = YES;
				CLANG_WARN_CONSTANT_CONVERSION = YES;
				CLANG_WARN_DEPRECATED_OBJC_IMPLEMENTATIONS = YES;
				CLANG_WARN_DIRECT_OBJC_ISA_USAGE = YES_ERROR;
				CLANG_WARN_DOCUMENTATION_COMMENTS = YES;
				CLANG_WARN_EMPTY_BODY = YES;
				CLANG_WARN_ENUM_CONVERSION = YES;
				CLANG_WARN_INFINITE_RECURSION = YES;
				CLANG_WARN_INT_CONVERSION = YES;
				CLANG_WARN_NON_LITERAL_NULL_CONVERSION = YES;
				CLANG_WARN_OBJC_IMPLICIT_RETAIN_SELF = YES;
				CLANG_WARN_OBJC_LITERAL_CONVERSION = YES;
				CLANG_WARN_OBJC_ROOT_CLASS = YES_ERROR;
				CLANG_WARN_QUOTED_INCLUDE_IN_FRAMEWORK_HEADER = YES;
				CLANG_WARN_RANGE_LOOP_ANALYSIS = YES;
				CLANG_WARN_STRICT_PROTOTYPES = YES;
				CLANG_WARN_SUSPICIOUS_MOVE = YES;
				CLANG_WARN_UNGUARDED_AVAILABILITY = YES_AGGRESSIVE;
				CLANG_WARN_UNREACHABLE_CODE = YES;
				CLANG_WARN__DUPLICATE_METHOD_MATCH = YES;
				COPY_PHASE_STRIP = NO;
				DEBUG_INFORMATION_FORMAT = "dwarf-with-dsym";
				DEVELOPMENT_TEAM = 4499H7YNDL;
				ENABLE_NS_ASSERTIONS = NO;
				ENABLE_STRICT_OBJC_MSGSEND = YES;
				ENABLE_USER_SCRIPT_SANDBOXING = YES;
				GCC_C_LANGUAGE_STANDARD = gnu17;
				GCC_NO_COMMON_BLOCKS = YES;
				GCC_WARN_64_TO_32_BIT_CONVERSION = YES;
				GCC_WARN_ABOUT_RETURN_TYPE = YES_ERROR;
				GCC_WARN_UNDECLARED_SELECTOR = YES;
				GCC_WARN_UNINITIALIZED_AUTOS = YES_AGGRESSIVE;
				GCC_WARN_UNUSED_FUNCTION = YES;
				GCC_WARN_UNUSED_VARIABLE = YES;
				IPHONEOS_DEPLOYMENT_TARGET = 26.2;
				LOCALIZATION_PREFERS_STRING_CATALOGS = YES;
				MTL_ENABLE_DEBUG_INFO = NO;
				MTL_FAST_MATH = YES;
				SDKROOT = iphoneos;
				SWIFT_COMPILATION_MODE = wholemodule;
				VALIDATE_PRODUCT = YES;
			};
			name = Release;
		};
		D5457FDB2F618D720040DFAF /* Debug */ = {
			isa = XCBuildConfiguration;
			buildSettings = {
				ASSETCATALOG_COMPILER_APPICON_NAME = AppIcon;
				ASSETCATALOG_COMPILER_GLOBAL_ACCENT_COLOR_NAME = AccentColor;
				ASSETCATALOG_COMPILER_INCLUDE_ALL_APPICON_ASSETS = YES;
				CODE_SIGN_STYLE = Automatic;
				CURRENT_PROJECT_VERSION = 1;
				DEVELOPMENT_TEAM = 4499H7YNDL;
				ENABLE_PREVIEWS = YES;
				GENERATE_INFOPLIST_FILE = YES;
				INFOPLIST_FILE = Recipe/Info.plist;
				INFOPLIST_KEY_UIAppFonts = "Fonts/ofont.ru_Geoform.ttf Fonts/ofont.ru_Hero.ttf Fonts/ofont.ru_Kreadon.ttf Fonts/ofont.ru_Montserrat Alternates.ttf Fonts/ofont.ru_Optima.ttf";
				INFOPLIST_KEY_UIApplicationSceneManifest_Generation = YES;
				INFOPLIST_KEY_UIApplicationSupportsIndirectInputEvents = YES;
				INFOPLIST_KEY_UILaunchScreen_Generation = YES;
				INFOPLIST_KEY_UISupportedInterfaceOrientations_iPad = "UIInterfaceOrientationPortrait UIInterfaceOrientationPortraitUpsideDown UIInterfaceOrientationLandscapeLeft UIInterfaceOrientationLandscapeRight";
				INFOPLIST_KEY_UISupportedInterfaceOrientations_iPhone = "UIInterfaceOrientationPortrait UIInterfaceOrientationLandscapeLeft UIInterfaceOrientationLandscapeRight";
				IPHONEOS_DEPLOYMENT_TARGET = 26.0;
				LD_RUNPATH_SEARCH_PATHS = (
					"$(inherited)",
					"@executable_path/Frameworks",
				);
				MARKETING_VERSION = 1.0;
				PRODUCT_BUNDLE_IDENTIFIER = FF7.Recipe;
				PRODUCT_NAME = "$(TARGET_NAME)";
				STRING_CATALOG_GENERATE_SYMBOLS = YES;
				SWIFT_APPROACHABLE_CONCURRENCY = YES;
				SWIFT_DEFAULT_ACTOR_ISOLATION = MainActor;
				SWIFT_EMIT_LOC_STRINGS = YES;
				SWIFT_UPCOMING_FEATURE_MEMBER_IMPORT_VISIBILITY = YES;
				SWIFT_VERSION = 5.0;
				TARGETED_DEVICE_FAMILY = "1,2";
			};
			name = Debug;
		};
		D5457FDC2F618D720040DFAF /* Release */ = {
			isa = XCBuildConfiguration;
			buildSettings = {
				ASSETCATALOG_COMPILER_APPICON_NAME = AppIcon;
				ASSETCATALOG_COMPILER_GLOBAL_ACCENT_COLOR_NAME = AccentColor;
				ASSETCATALOG_COMPILER_INCLUDE_ALL_APPICON_ASSETS = YES;
				CODE_SIGN_STYLE = Automatic;
				CURRENT_PROJECT_VERSION = 1;
				DEVELOPMENT_TEAM = 4499H7YNDL;
				ENABLE_PREVIEWS = YES;
				GENERATE_INFOPLIST_FILE = YES;
				INFOPLIST_FILE = Recipe/Info.plist;
				INFOPLIST_KEY_UIAppFonts = "Fonts/ofont.ru_Geoform.ttf Fonts/ofont.ru_Hero.ttf Fonts/ofont.ru_Kreadon.ttf Fonts/ofont.ru_Montserrat Alternates.ttf Fonts/ofont.ru_Optima.ttf";
				INFOPLIST_KEY_UIApplicationSceneManifest_Generation = YES;
				INFOPLIST_KEY_UIApplicationSupportsIndirectInputEvents = YES;
				INFOPLIST_KEY_UILaunchScreen_Generation = YES;
				INFOPLIST_KEY_UISupportedInterfaceOrientations_iPad = "UIInterfaceOrientationPortrait UIInterfaceOrientationPortraitUpsideDown UIInterfaceOrientationLandscapeLeft UIInterfaceOrientationLandscapeRight";
				INFOPLIST_KEY_UISupportedInterfaceOrientations_iPhone = "UIInterfaceOrientationPortrait UIInterfaceOrientationLandscapeLeft UIInterfaceOrientationLandscapeRight";
				IPHONEOS_DEPLOYMENT_TARGET = 26.0;
				LD_RUNPATH_SEARCH_PATHS = (
					"$(inherited)",
					"@executable_path/Frameworks",
				);
				MARKETING_VERSION = 1.0;
				PRODUCT_BUNDLE_IDENTIFIER = FF7.Recipe;
				PRODUCT_NAME = "$(TARGET_NAME)";
				STRING_CATALOG_GENERATE_SYMBOLS = YES;
				SWIFT_APPROACHABLE_CONCURRENCY = YES;
				SWIFT_DEFAULT_ACTOR_ISOLATION = MainActor;
				SWIFT_EMIT_LOC_STRINGS = YES;
				SWIFT_UPCOMING_FEATURE_MEMBER_IMPORT_VISIBILITY = YES;
				SWIFT_VERSION = 5.0;
				TARGETED_DEVICE_FAMILY = "1,2";
			};
			name = Release;
		};
		D5457FDE2F618D720040DFAF /* Debug */ = {
			isa = XCBuildConfiguration;
			buildSettings = {
				BUNDLE_LOADER = "$(TEST_HOST)";
				CODE_SIGN_STYLE = Automatic;
				CURRENT_PROJECT_VERSION = 1;
				DEVELOPMENT_TEAM = 4499H7YNDL;
				GENERATE_INFOPLIST_FILE = YES;
				IPHONEOS_DEPLOYMENT_TARGET = 26.2;
				MARKETING_VERSION = 1.0;
				PRODUCT_BUNDLE_IDENTIFIER = FF7.RecipeTests;
				PRODUCT_NAME = "$(TARGET_NAME)";
				STRING_CATALOG_GENERATE_SYMBOLS = NO;
				SWIFT_APPROACHABLE_CONCURRENCY = YES;
				SWIFT_EMIT_LOC_STRINGS = NO;
				SWIFT_UPCOMING_FEATURE_MEMBER_IMPORT_VISIBILITY = YES;
				SWIFT_VERSION = 5.0;
				TARGETED_DEVICE_FAMILY = "1,2";
				TEST_HOST = "$(BUILT_PRODUCTS_DIR)/Recipe.app/$(BUNDLE_EXECUTABLE_FOLDER_PATH)/Recipe";
			};
			name = Debug;
		};
		D5457FDF2F618D720040DFAF /* Release */ = {
			isa = XCBuildConfiguration;
			buildSettings = {
				BUNDLE_LOADER = "$(TEST_HOST)";
				CODE_SIGN_STYLE = Automatic;
				CURRENT_PROJECT_VERSION = 1;
				DEVELOPMENT_TEAM = 4499H7YNDL;
				GENERATE_INFOPLIST_FILE = YES;
				IPHONEOS_DEPLOYMENT_TARGET = 26.2;
				MARKETING_VERSION = 1.0;
				PRODUCT_BUNDLE_IDENTIFIER = FF7.RecipeTests;
				PRODUCT_NAME = "$(TARGET_NAME)";
				STRING_CATALOG_GENERATE_SYMBOLS = NO;
				SWIFT_APPROACHABLE_CONCURRENCY = YES;
				SWIFT_EMIT_LOC_STRINGS = NO;
				SWIFT_UPCOMING_FEATURE_MEMBER_IMPORT_VISIBILITY = YES;
				SWIFT_VERSION = 5.0;
				TARGETED_DEVICE_FAMILY = "1,2";
				TEST_HOST = "$(BUILT_PRODUCTS_DIR)/Recipe.app/$(BUNDLE_EXECUTABLE_FOLDER_PATH)/Recipe";
			};
			name = Release;
		};
		D5457FE12F618D720040DFAF /* Debug */ = {
			isa = XCBuildConfiguration;
			buildSettings = {
				CODE_SIGN_STYLE = Automatic;
				CURRENT_PROJECT_VERSION = 1;
				DEVELOPMENT_TEAM = 4499H7YNDL;
				GENERATE_INFOPLIST_FILE = YES;
				MARKETING_VERSION = 1.0;
				PRODUCT_BUNDLE_IDENTIFIER = FF7.RecipeUITests;
				PRODUCT_NAME = "$(TARGET_NAME)";
				STRING_CATALOG_GENERATE_SYMBOLS = NO;
				SWIFT_APPROACHABLE_CONCURRENCY = YES;
				SWIFT_EMIT_LOC_STRINGS = NO;
				SWIFT_UPCOMING_FEATURE_MEMBER_IMPORT_VISIBILITY = YES;
				SWIFT_VERSION = 5.0;
				TARGETED_DEVICE_FAMILY = "1,2";
				TEST_TARGET_NAME = Recipe;
			};
			name = Debug;
		};
		D5457FE22F618D720040DFAF /* Release */ = {
			isa = XCBuildConfiguration;
			buildSettings = {
				CODE_SIGN_STYLE = Automatic;
				CURRENT_PROJECT_VERSION = 1;
				DEVELOPMENT_TEAM = 4499H7YNDL;
				GENERATE_INFOPLIST_FILE = YES;
				MARKETING_VERSION = 1.0;
				PRODUCT_BUNDLE_IDENTIFIER = FF7.RecipeUITests;
				PRODUCT_NAME = "$(TARGET_NAME)";
				STRING_CATALOG_GENERATE_SYMBOLS = NO;
				SWIFT_APPROACHABLE_CONCURRENCY = YES;
				SWIFT_EMIT_LOC_STRINGS = NO;
				SWIFT_UPCOMING_FEATURE_MEMBER_IMPORT_VISIBILITY = YES;
				SWIFT_VERSION = 5.0;
				TARGETED_DEVICE_FAMILY = "1,2";
				TEST_TARGET_NAME = Recipe;
			};
			name = Release;
		};
/* End XCBuildConfiguration section */

/* Begin XCConfigurationList section */
		D5457FAF2F618D700040DFAF /* Build configuration list for PBXProject "Recipe" */ = {
			isa = XCConfigurationList;
			buildConfigurations = (
				D5457FD82F618D720040DFAF /* Debug */,
				D5457FD92F618D720040DFAF /* Release */,
			);
			defaultConfigurationIsVisible = 0;
			defaultConfigurationName = Release;
		};
		D5457FDA2F618D720040DFAF /* Build configuration list for PBXNativeTarget "Recipe" */ = {
			isa = XCConfigurationList;
			buildConfigurations = (
				D5457FDB2F618D720040DFAF /* Debug */,
				D5457FDC2F618D720040DFAF /* Release */,
			);
			defaultConfigurationIsVisible = 0;
			defaultConfigurationName = Release;
		};
		D5457FDD2F618D720040DFAF /* Build configuration list for PBXNativeTarget "RecipeTests" */ = {
			isa = XCConfigurationList;
			buildConfigurations = (
				D5457FDE2F618D720040DFAF /* Debug */,
				D5457FDF2F618D720040DFAF /* Release */,
			);
			defaultConfigurationIsVisible = 0;
			defaultConfigurationName = Release;
		};
		D5457FE02F618D720040DFAF /* Build configuration list for PBXNativeTarget "RecipeUITests" */ = {
			isa = XCConfigurationList;
			buildConfigurations = (
				D5457FE12F618D720040DFAF /* Debug */,
				D5457FE22F618D720040DFAF /* Release */,
			);
			defaultConfigurationIsVisible = 0;
			defaultConfigurationName = Release;
		};
/* End XCConfigurationList section */
	};
	rootObject = D5457FAC2F618D700040DFAF /* Project object */;
}
